// !$*UTF8*$!
{
	archiveVersion = 1;
	classes = {
	};
	objectVersion = 50;
	objects = {

/* Begin PBXBuildFile section */
		6E1A6618263FE90B0095D652 /* main.cpp in Sources */ = {isa = PBXBuildFile; fileRef = 6E1A6617263FE90B0095D652 /* main.cpp */; };
		6E1A6622263FE9550095D652 /* Organism.cpp in Sources */ = {isa = PBXBuildFile; fileRef = 6E1A6620263FE9550095D652 /* Organism.cpp */; };
		6E1A6625263FEB1B0095D652 /* Plant.cpp in Sources */ = {isa = PBXBuildFile; fileRef = 6E1A6623263FEB1B0095D652 /* Plant.cpp */; };
		6E1A6628263FEC4E0095D652 /* Animal.cpp in Sources */ = {isa = PBXBuildFile; fileRef = 6E1A6626263FEC4E0095D652 /* Animal.cpp */; };
		6E1A662B263FED9D0095D652 /* Human.cpp in Sources */ = {isa = PBXBuildFile; fileRef = 6E1A6629263FED9D0095D652 /* Human.cpp */; };
		6E2C40FD2643DBD400B6E03C /* Grass.cpp in Sources */ = {isa = PBXBuildFile; fileRef = 6E2C40FB2643DBD400B6E03C /* Grass.cpp */; };
		6E2C41002643EE9E00B6E03C /* Dandelion.cpp in Sources */ = {isa = PBXBuildFile; fileRef = 6E2C40FE2643EE9E00B6E03C /* Dandelion.cpp */; };
		6E57B1E82641309B00988F48 /* World.cpp in Sources */ = {isa = PBXBuildFile; fileRef = 6E57B1E62641309B00988F48 /* World.cpp */; };
		6E57B1EB264161A700988F48 /* Wolf.cpp in Sources */ = {isa = PBXBuildFile; fileRef = 6E57B1E9264161A700988F48 /* Wolf.cpp */; };
		6E57B1EF2641661D00988F48 /* Sheep.cpp in Sources */ = {isa = PBXBuildFile; fileRef = 6E57B1ED2641661D00988F48 /* Sheep.cpp */; };
		6E57B1F22641690000988F48 /* Fox.cpp in Sources */ = {isa = PBXBuildFile; fileRef = 6E57B1F02641690000988F48 /* Fox.cpp */; };
		6E57B1F5264169C700988F48 /* Turtle.cpp in Sources */ = {isa = PBXBuildFile; fileRef = 6E57B1F3264169C700988F48 /* Turtle.cpp */; };
		6E57B1F826416ADD00988F48 /* Antelope.cpp in Sources */ = {isa = PBXBuildFile; fileRef = 6E57B1F626416ADD00988F48 /* Antelope.cpp */; };
		6E57B1FB264186BC00988F48 /* Empty.cpp in Sources */ = {isa = PBXBuildFile; fileRef = 6E57B1F9264186BC00988F48 /* Empty.cpp */; };
		6E58265A264696B000AAD1C8 /* libncurses.5.4.tbd in Frameworks */ = {isa = PBXBuildFile; fileRef = 6E582659264696B000AAD1C8 /* libncurses.5.4.tbd */; };
		6E58265C2647062900AAD1C8 /* libcurses.tbd in Frameworks */ = {isa = PBXBuildFile; fileRef = 6E58265B2647062900AAD1C8 /* libcurses.tbd */; };
		6EEE6F492644322F0066F0EE /* Guarana.cpp in Sources */ = {isa = PBXBuildFile; fileRef = 6EEE6F472644322F0066F0EE /* Guarana.cpp */; };
		6EEE6F4C26443D300066F0EE /* Wolfberries.cpp in Sources */ = {isa = PBXBuildFile; fileRef = 6EEE6F4A26443D300066F0EE /* Wolfberries.cpp */; };
		6EEE6F4F264445250066F0EE /* BarszczSosnowskiego.cpp in Sources */ = {isa = PBXBuildFile; fileRef = 6EEE6F4D264445250066F0EE /* BarszczSosnowskiego.cpp */; };
/* End PBXBuildFile section */

/* Begin PBXCopyFilesBuildPhase section */
		6E1A6612263FE90B0095D652 /* CopyFiles */ = {
			isa = PBXCopyFilesBuildPhase;
			buildActionMask = 2147483647;
			dstPath = /usr/share/man/man1/;
			dstSubfolderSpec = 0;
			files = (
			);
			runOnlyForDeploymentPostprocessing = 1;
		};
/* End PBXCopyFilesBuildPhase section */

/* Begin PBXFileReference section */
		6E1A6614263FE90B0095D652 /* swiat */ = {isa = PBXFileReference; explicitFileType = "compiled.mach-o.executable"; includeInIndex = 0; path = swiat; sourceTree = BUILT_PRODUCTS_DIR; };
		6E1A6617263FE90B0095D652 /* main.cpp */ = {isa = PBXFileReference; lastKnownFileType = sourcecode.cpp.cpp; path = main.cpp; sourceTree = "<group>"; };
		6E1A6620263FE9550095D652 /* Organism.cpp */ = {isa = PBXFileReference; lastKnownFileType = sourcecode.cpp.cpp; path = Organism.cpp; sourceTree = "<group>"; };
		6E1A6621263FE9550095D652 /* Organism.hpp */ = {isa = PBXFileReference; lastKnownFileType = sourcecode.cpp.h; path = Organism.hpp; sourceTree = "<group>"; };
		6E1A6623263FEB1B0095D652 /* Plant.cpp */ = {isa = PBXFileReference; lastKnownFileType = sourcecode.cpp.cpp; path = Plant.cpp; sourceTree = "<group>"; };
		6E1A6624263FEB1B0095D652 /* Plant.hpp */ = {isa = PBXFileReference; lastKnownFileType = sourcecode.cpp.h; path = Plant.hpp; sourceTree = "<group>"; };
		6E1A6626263FEC4E0095D652 /* Animal.cpp */ = {isa = PBXFileReference; lastKnownFileType = sourcecode.cpp.cpp; path = Animal.cpp; sourceTree = "<group>"; };
		6E1A6627263FEC4E0095D652 /* Animal.hpp */ = {isa = PBXFileReference; lastKnownFileType = sourcecode.cpp.h; path = Animal.hpp; sourceTree = "<group>"; };
		6E1A6629263FED9D0095D652 /* Human.cpp */ = {isa = PBXFileReference; lastKnownFileType = sourcecode.cpp.cpp; path = Human.cpp; sourceTree = "<group>"; };
		6E1A662A263FED9D0095D652 /* Human.hpp */ = {isa = PBXFileReference; lastKnownFileType = sourcecode.cpp.h; path = Human.hpp; sourceTree = "<group>"; };
		6E1A662C26401F1B0095D652 /* SHC.h */ = {isa = PBXFileReference; lastKnownFileType = sourcecode.c.h; path = SHC.h; sourceTree = "<group>"; };
		6E2C40FB2643DBD400B6E03C /* Grass.cpp */ = {isa = PBXFileReference; lastKnownFileType = sourcecode.cpp.cpp; path = Grass.cpp; sourceTree = "<group>"; };
		6E2C40FC2643DBD400B6E03C /* Grass.hpp */ = {isa = PBXFileReference; lastKnownFileType = sourcecode.cpp.h; path = Grass.hpp; sourceTree = "<group>"; };
		6E2C40FE2643EE9E00B6E03C /* Dandelion.cpp */ = {isa = PBXFileReference; lastKnownFileType = sourcecode.cpp.cpp; path = Dandelion.cpp; sourceTree = "<group>"; };
		6E2C40FF2643EE9E00B6E03C /* Dandelion.hpp */ = {isa = PBXFileReference; lastKnownFileType = sourcecode.cpp.h; path = Dandelion.hpp; sourceTree = "<group>"; };
		6E57B1E62641309B00988F48 /* World.cpp */ = {isa = PBXFileReference; lastKnownFileType = sourcecode.cpp.cpp; path = World.cpp; sourceTree = "<group>"; };
		6E57B1E72641309B00988F48 /* World.hpp */ = {isa = PBXFileReference; lastKnownFileType = sourcecode.cpp.h; path = World.hpp; sourceTree = "<group>"; };
		6E57B1E9264161A700988F48 /* Wolf.cpp */ = {isa = PBXFileReference; lastKnownFileType = sourcecode.cpp.cpp; path = Wolf.cpp; sourceTree = "<group>"; };
		6E57B1EA264161A700988F48 /* Wolf.hpp */ = {isa = PBXFileReference; lastKnownFileType = sourcecode.cpp.h; path = Wolf.hpp; sourceTree = "<group>"; };
		6E57B1ED2641661D00988F48 /* Sheep.cpp */ = {isa = PBXFileReference; lastKnownFileType = sourcecode.cpp.cpp; path = Sheep.cpp; sourceTree = "<group>"; };
		6E57B1EE2641661D00988F48 /* Sheep.hpp */ = {isa = PBXFileReference; lastKnownFileType = sourcecode.cpp.h; path = Sheep.hpp; sourceTree = "<group>"; };
		6E57B1F02641690000988F48 /* Fox.cpp */ = {isa = PBXFileReference; lastKnownFileType = sourcecode.cpp.cpp; path = Fox.cpp; sourceTree = "<group>"; };
		6E57B1F12641690000988F48 /* Fox.hpp */ = {isa = PBXFileReference; lastKnownFileType = sourcecode.cpp.h; path = Fox.hpp; sourceTree = "<group>"; };
		6E57B1F3264169C700988F48 /* Turtle.cpp */ = {isa = PBXFileReference; lastKnownFileType = sourcecode.cpp.cpp; path = Turtle.cpp; sourceTree = "<group>"; };
		6E57B1F4264169C700988F48 /* Turtle.hpp */ = {isa = PBXFileReference; lastKnownFileType = sourcecode.cpp.h; path = Turtle.hpp; sourceTree = "<group>"; };
		6E57B1F626416ADD00988F48 /* Antelope.cpp */ = {isa = PBXFileReference; lastKnownFileType = sourcecode.cpp.cpp; path = Antelope.cpp; sourceTree = "<group>"; };
		6E57B1F726416ADD00988F48 /* Antelope.hpp */ = {isa = PBXFileReference; lastKnownFileType = sourcecode.cpp.h; path = Antelope.hpp; sourceTree = "<group>"; };
		6E57B1F9264186BC00988F48 /* Empty.cpp */ = {isa = PBXFileReference; lastKnownFileType = sourcecode.cpp.cpp; path = Empty.cpp; sourceTree = "<group>"; };
		6E57B1FA264186BC00988F48 /* Empty.hpp */ = {isa = PBXFileReference; lastKnownFileType = sourcecode.cpp.h; path = Empty.hpp; sourceTree = "<group>"; };
		6E582659264696B000AAD1C8 /* libncurses.5.4.tbd */ = {isa = PBXFileReference; lastKnownFileType = "sourcecode.text-based-dylib-definition"; name = libncurses.5.4.tbd; path = usr/lib/libncurses.5.4.tbd; sourceTree = SDKROOT; };
		6E58265B2647062900AAD1C8 /* libcurses.tbd */ = {isa = PBXFileReference; lastKnownFileType = "sourcecode.text-based-dylib-definition"; name = libcurses.tbd; path = usr/lib/libcurses.tbd; sourceTree = SDKROOT; };
		6EEE6F472644322F0066F0EE /* Guarana.cpp */ = {isa = PBXFileReference; lastKnownFileType = sourcecode.cpp.cpp; path = Guarana.cpp; sourceTree = "<group>"; };
		6EEE6F482644322F0066F0EE /* Guarana.hpp */ = {isa = PBXFileReference; lastKnownFileType = sourcecode.cpp.h; path = Guarana.hpp; sourceTree = "<group>"; };
		6EEE6F4A26443D300066F0EE /* Wolfberries.cpp */ = {isa = PBXFileReference; lastKnownFileType = sourcecode.cpp.cpp; path = Wolfberries.cpp; sourceTree = "<group>"; };
		6EEE6F4B26443D300066F0EE /* Wolfberries.hpp */ = {isa = PBXFileReference; lastKnownFileType = sourcecode.cpp.h; path = Wolfberries.hpp; sourceTree = "<group>"; };
		6EEE6F4D264445250066F0EE /* BarszczSosnowskiego.cpp */ = {isa = PBXFileReference; lastKnownFileType = sourcecode.cpp.cpp; path = BarszczSosnowskiego.cpp; sourceTree = "<group>"; };
		6EEE6F4E264445250066F0EE /* BarszczSosnowskiego.hpp */ = {isa = PBXFileReference; lastKnownFileType = sourcecode.cpp.h; path = BarszczSosnowskiego.hpp; sourceTree = "<group>"; };
/* End PBXFileReference section */

/* Begin PBXFrameworksBuildPhase section */
		6E1A6611263FE90B0095D652 /* Frameworks */ = {
			isa = PBXFrameworksBuildPhase;
			buildActionMask = 2147483647;
			files = (
				6E58265C2647062900AAD1C8 /* libcurses.tbd in Frameworks */,
				6E58265A264696B000AAD1C8 /* libncurses.5.4.tbd in Frameworks */,
			);
			runOnlyForDeploymentPostprocessing = 0;
		};
/* End PBXFrameworksBuildPhase section */

/* Begin PBXGroup section */
		6E1A660B263FE90B0095D652 = {
			isa = PBXGroup;
			children = (
				6E1A6616263FE90B0095D652 /* swiat */,
				6E1A6615263FE90B0095D652 /* Products */,
				6E582658264696B000AAD1C8 /* Frameworks */,
			);
			sourceTree = "<group>";
		};
		6E1A6615263FE90B0095D652 /* Products */ = {
			isa = PBXGroup;
			children = (
				6E1A6614263FE90B0095D652 /* swiat */,
			);
			name = Products;
			sourceTree = "<group>";
		};
		6E1A6616263FE90B0095D652 /* swiat */ = {
			isa = PBXGroup;
			children = (
				6E1A661E263FE9270095D652 /* elements */,
				6E1A6617263FE90B0095D652 /* main.cpp */,
			);
			path = swiat;
			sourceTree = "<group>";
		};
		6E1A661E263FE9270095D652 /* elements */ = {
			isa = PBXGroup;
			children = (
				6E2C40FA2643D9E500B6E03C /* plants */,
				6E57B1EC264165E500988F48 /* animals */,
				6E1A6620263FE9550095D652 /* Organism.cpp */,
				6E1A6621263FE9550095D652 /* Organism.hpp */,
				6E1A6623263FEB1B0095D652 /* Plant.cpp */,
				6E1A6624263FEB1B0095D652 /* Plant.hpp */,
				6E1A6626263FEC4E0095D652 /* Animal.cpp */,
				6E1A6627263FEC4E0095D652 /* Animal.hpp */,
				6E1A6629263FED9D0095D652 /* Human.cpp */,
				6E1A662A263FED9D0095D652 /* Human.hpp */,
				6E1A662C26401F1B0095D652 /* SHC.h */,
				6E57B1E62641309B00988F48 /* World.cpp */,
				6E57B1E72641309B00988F48 /* World.hpp */,
				6E57B1F9264186BC00988F48 /* Empty.cpp */,
				6E57B1FA264186BC00988F48 /* Empty.hpp */,
			);
			path = elements;
			sourceTree = "<group>";
		};
		6E2C40FA2643D9E500B6E03C /* plants */ = {
			isa = PBXGroup;
			children = (
				6E2C40FB2643DBD400B6E03C /* Grass.cpp */,
				6E2C40FC2643DBD400B6E03C /* Grass.hpp */,
				6E2C40FE2643EE9E00B6E03C /* Dandelion.cpp */,
				6E2C40FF2643EE9E00B6E03C /* Dandelion.hpp */,
				6EEE6F472644322F0066F0EE /* Guarana.cpp */,
				6EEE6F482644322F0066F0EE /* Guarana.hpp */,
				6EEE6F4A26443D300066F0EE /* Wolfberries.cpp */,
				6EEE6F4B26443D300066F0EE /* Wolfberries.hpp */,
				6EEE6F4D264445250066F0EE /* BarszczSosnowskiego.cpp */,
				6EEE6F4E264445250066F0EE /* BarszczSosnowskiego.hpp */,
			);
			path = plants;
			sourceTree = "<group>";
		};
		6E57B1EC264165E500988F48 /* animals */ = {
			isa = PBXGroup;
			children = (
				6E57B1EA264161A700988F48 /* Wolf.hpp */,
				6E57B1E9264161A700988F48 /* Wolf.cpp */,
				6E57B1ED2641661D00988F48 /* Sheep.cpp */,
				6E57B1EE2641661D00988F48 /* Sheep.hpp */,
				6E57B1F02641690000988F48 /* Fox.cpp */,
				6E57B1F12641690000988F48 /* Fox.hpp */,
				6E57B1F3264169C700988F48 /* Turtle.cpp */,
				6E57B1F4264169C700988F48 /* Turtle.hpp */,
				6E57B1F626416ADD00988F48 /* Antelope.cpp */,
				6E57B1F726416ADD00988F48 /* Antelope.hpp */,
			);
			path = animals;
			sourceTree = "<group>";
		};
		6E582658264696B000AAD1C8 /* Frameworks */ = {
			isa = PBXGroup;
			children = (
				6E58265B2647062900AAD1C8 /* libcurses.tbd */,
				6E582659264696B000AAD1C8 /* libncurses.5.4.tbd */,
			);
			name = Frameworks;
			sourceTree = "<group>";
		};
/* End PBXGroup section */

/* Begin PBXNativeTarget section */
		6E1A6613263FE90B0095D652 /* swiat */ = {
			isa = PBXNativeTarget;
			buildConfigurationList = 6E1A661B263FE90B0095D652 /* Build configuration list for PBXNativeTarget "swiat" */;
			buildPhases = (
				6E1A6610263FE90B0095D652 /* Sources */,
				6E1A6611263FE90B0095D652 /* Frameworks */,
				6E1A6612263FE90B0095D652 /* CopyFiles */,
			);
			buildRules = (
			);
			dependencies = (
			);
			name = swiat;
			productName = swiat;
			productReference = 6E1A6614263FE90B0095D652 /* swiat */;
			productType = "com.apple.product-type.tool";
		};
/* End PBXNativeTarget section */

/* Begin PBXProject section */
		6E1A660C263FE90B0095D652 /* Project object */ = {
			isa = PBXProject;
			attributes = {
				LastUpgradeCheck = 1250;
				TargetAttributes = {
					6E1A6613263FE90B0095D652 = {
						CreatedOnToolsVersion = 12.5;
					};
				};
			};
			buildConfigurationList = 6E1A660F263FE90B0095D652 /* Build configuration list for PBXProject "swiat" */;
			compatibilityVersion = "Xcode 9.3";
			developmentRegion = en;
			hasScannedForEncodings = 0;
			knownRegions = (
				en,
				Base,
			);
			mainGroup = 6E1A660B263FE90B0095D652;
			productRefGroup = 6E1A6615263FE90B0095D652 /* Products */;
			projectDirPath = "";
			projectRoot = "";
			targets = (
				6E1A6613263FE90B0095D652 /* swiat */,
			);
		};
/* End PBXProject section */

/* Begin PBXSourcesBuildPhase section */
		6E1A6610263FE90B0095D652 /* Sources */ = {
			isa = PBXSourcesBuildPhase;
			buildActionMask = 2147483647;
			files = (
				6E57B1F22641690000988F48 /* Fox.cpp in Sources */,
				6E1A662B263FED9D0095D652 /* Human.cpp in Sources */,
				6E1A6628263FEC4E0095D652 /* Animal.cpp in Sources */,
				6E57B1E82641309B00988F48 /* World.cpp in Sources */,
				6EEE6F4C26443D300066F0EE /* Wolfberries.cpp in Sources */,
				6E2C40FD2643DBD400B6E03C /* Grass.cpp in Sources */,
				6EEE6F4F264445250066F0EE /* BarszczSosnowskiego.cpp in Sources */,
				6EEE6F492644322F0066F0EE /* Guarana.cpp in Sources */,
				6E57B1EB264161A700988F48 /* Wolf.cpp in Sources */,
				6E2C41002643EE9E00B6E03C /* Dandelion.cpp in Sources */,
				6E57B1F5264169C700988F48 /* Turtle.cpp in Sources */,
				6E1A6625263FEB1B0095D652 /* Plant.cpp in Sources */,
				6E1A6622263FE9550095D652 /* Organism.cpp in Sources */,
				6E1A6618263FE90B0095D652 /* main.cpp in Sources */,
				6E57B1FB264186BC00988F48 /* Empty.cpp in Sources */,
				6E57B1F826416ADD00988F48 /* Antelope.cpp in Sources */,
				6E57B1EF2641661D00988F48 /* Sheep.cpp in Sources */,
			);
			runOnlyForDeploymentPostprocessing = 0;
		};
/* End PBXSourcesBuildPhase section */

/* Begin XCBuildConfiguration section */
		6E1A6619263FE90B0095D652 /* Debug */ = {
			isa = XCBuildConfiguration;
			buildSettings = {
				ALWAYS_SEARCH_USER_PATHS = NO;
				CLANG_ANALYZER_NONNULL = YES;
				CLANG_ANALYZER_NUMBER_OBJECT_CONVERSION = YES_AGGRESSIVE;
				CLANG_CXX_LANGUAGE_STANDARD = "gnu++14";
				CLANG_CXX_LIBRARY = "libc++";
				CLANG_ENABLE_MODULES = YES;
				CLANG_ENABLE_OBJC_ARC = YES;
				CLANG_ENABLE_OBJC_WEAK = YES;
				CLANG_WARN_BLOCK_CAPTURE_AUTORELEASING = YES;
				CLANG_WARN_BOOL_CONVERSION = YES;
				CLANG_WARN_COMMA = YES;
				CLANG_WARN_CONSTANT_CONVERSION = YES;
				CLANG_WARN_DEPRECATED_OBJC_IMPLEMENTATIONS = YES;
				CLANG_WARN_DIRECT_OBJC_ISA_USAGE = YES_ERROR;
				CLANG_WARN_DOCUMENTATION_COMMENTS = YES;
				CLANG_WARN_EMPTY_BODY = YES;
				CLANG_WARN_ENUM_CONVERSION = YES;
				CLANG_WARN_INFINITE_RECURSION = YES;
				CLANG_WARN_INT_CONVERSION = YES;
				CLANG_WARN_NON_LITERAL_NULL_CONVERSION = YES;
				CLANG_WARN_OBJC_IMPLICIT_RETAIN_SELF = YES;
				CLANG_WARN_OBJC_LITERAL_CONVERSION = YES;
				CLANG_WARN_OBJC_ROOT_CLASS = YES_ERROR;
				CLANG_WARN_QUOTED_INCLUDE_IN_FRAMEWORK_HEADER = YES;
				CLANG_WARN_RANGE_LOOP_ANALYSIS = YES;
				CLANG_WARN_STRICT_PROTOTYPES = YES;
				CLANG_WARN_SUSPICIOUS_MOVE = YES;
				CLANG_WARN_UNGUARDED_AVAILABILITY = YES_AGGRESSIVE;
				CLANG_WARN_UNREACHABLE_CODE = YES;
				CLANG_WARN__DUPLICATE_METHOD_MATCH = YES;
				COPY_PHASE_STRIP = NO;
				DEBUG_INFORMATION_FORMAT = dwarf;
				ENABLE_STRICT_OBJC_MSGSEND = YES;
				ENABLE_TESTABILITY = YES;
				GCC_C_LANGUAGE_STANDARD = gnu11;
				GCC_DYNAMIC_NO_PIC = NO;
				GCC_NO_COMMON_BLOCKS = YES;
				GCC_OPTIMIZATION_LEVEL = 0;
				GCC_PREPROCESSOR_DEFINITIONS = (
					"DEBUG=1",
					"$(inherited)",
				);
				GCC_WARN_64_TO_32_BIT_CONVERSION = YES;
				GCC_WARN_ABOUT_RETURN_TYPE = YES_ERROR;
				GCC_WARN_UNDECLARED_SELECTOR = YES;
				GCC_WARN_UNINITIALIZED_AUTOS = YES_AGGRESSIVE;
				GCC_WARN_UNUSED_FUNCTION = YES;
				GCC_WARN_UNUSED_VARIABLE = YES;
				MACOSX_DEPLOYMENT_TARGET = 11.3;
				MTL_ENABLE_DEBUG_INFO = INCLUDE_SOURCE;
				MTL_FAST_MATH = YES;
				ONLY_ACTIVE_ARCH = YES;
				SDKROOT = macosx;
			};
			name = Debug;
		};
		6E1A661A263FE90B0095D652 /* Release */ = {
			isa = XCBuildConfiguration;
			buildSettings = {
				ALWAYS_SEARCH_USER_PATHS = NO;
				CLANG_ANALYZER_NONNULL = YES;
				CLANG_ANALYZER_NUMBER_OBJECT_CONVERSION = YES_AGGRESSIVE;
				CLANG_CXX_LANGUAGE_STANDARD = "gnu++14";
				CLANG_CXX_LIBRARY = "libc++";
				CLANG_ENABLE_MODULES = YES;
				CLANG_ENABLE_OBJC_ARC = YES;
				CLANG_ENABLE_OBJC_WEAK = YES;
				CLANG_WARN_BLOCK_CAPTURE_AUTORELEASING = YES;
				CLANG_WARN_BOOL_CONVERSION = YES;
				CLANG_WARN_COMMA = YES;
				CLANG_WARN_CONSTANT_CONVERSION = YES;
				CLANG_WARN_DEPRECATED_OBJC_IMPLEMENTATIONS = YES;
				CLANG_WARN_DIRECT_OBJC_ISA_USAGE = YES_ERROR;
				CLANG_WARN_DOCUMENTATION_COMMENTS = YES;
				CLANG_WARN_EMPTY_BODY = YES;
				CLANG_WARN_ENUM_CONVERSION = YES;
				CLANG_WARN_INFINITE_RECURSION = YES;
				CLANG_WARN_INT_CONVERSION = YES;
				CLANG_WARN_NON_LITERAL_NULL_CONVERSION = YES;
				CLANG_WARN_OBJC_IMPLICIT_RETAIN_SELF = YES;
				CLANG_WARN_OBJC_LITERAL_CONVERSION = YES;
				CLANG_WARN_OBJC_ROOT_CLASS = YES_ERROR;
				CLANG_WARN_QUOTED_INCLUDE_IN_FRAMEWORK_HEADER = YES;
				CLANG_WARN_RANGE_LOOP_ANALYSIS = YES;
				CLANG_WARN_STRICT_PROTOTYPES = YES;
				CLANG_WARN_SUSPICIOUS_MOVE = YES;
				CLANG_WARN_UNGUARDED_AVAILABILITY = YES_AGGRESSIVE;
				CLANG_WARN_UNREACHABLE_CODE = YES;
				CLANG_WARN__DUPLICATE_METHOD_MATCH = YES;
				COPY_PHASE_STRIP = NO;
				DEBUG_INFORMATION_FORMAT = "dwarf-with-dsym";
				ENABLE_NS_ASSERTIONS = NO;
				ENABLE_STRICT_OBJC_MSGSEND = YES;
				GCC_C_LANGUAGE_STANDARD = gnu11;
				GCC_NO_COMMON_BLOCKS = YES;
				GCC_WARN_64_TO_32_BIT_CONVERSION = YES;
				GCC_WARN_ABOUT_RETURN_TYPE = YES_ERROR;
				GCC_WARN_UNDECLARED_SELECTOR = YES;
				GCC_WARN_UNINITIALIZED_AUTOS = YES_AGGRESSIVE;
				GCC_WARN_UNUSED_FUNCTION = YES;
				GCC_WARN_UNUSED_VARIABLE = YES;
				MACOSX_DEPLOYMENT_TARGET = 11.3;
				MTL_ENABLE_DEBUG_INFO = NO;
				MTL_FAST_MATH = YES;
				SDKROOT = macosx;
			};
			name = Release;
		};
		6E1A661C263FE90B0095D652 /* Debug */ = {
			isa = XCBuildConfiguration;
			buildSettings = {
				CODE_SIGN_STYLE = Automatic;
				PRODUCT_NAME = "$(TARGET_NAME)";
			};
			name = Debug;
		};
		6E1A661D263FE90B0095D652 /* Release */ = {
			isa = XCBuildConfiguration;
			buildSettings = {
				CODE_SIGN_STYLE = Automatic;
				PRODUCT_NAME = "$(TARGET_NAME)";
			};
			name = Release;
		};
/* End XCBuildConfiguration section */

/* Begin XCConfigurationList section */
		6E1A660F263FE90B0095D652 /* Build configuration list for PBXProject "swiat" */ = {
			isa = XCConfigurationList;
			buildConfigurations = (
				6E1A6619263FE90B0095D652 /* Debug */,
				6E1A661A263FE90B0095D652 /* Release */,
			);
			defaultConfigurationIsVisible = 0;
			defaultConfigurationName = Release;
		};
		6E1A661B263FE90B0095D652 /* Build configuration list for PBXNativeTarget "swiat" */ = {
			isa = XCConfigurationList;
			buildConfigurations = (
				6E1A661C263FE90B0095D652 /* Debug */,
				6E1A661D263FE90B0095D652 /* Release */,
			);
			defaultConfigurationIsVisible = 0;
			defaultConfigurationName = Release;
		};
/* End XCConfigurationList section */
	};
	rootObject = 6E1A660C263FE90B0095D652 /* Project object */;
}
